Microsoft Visual Studio Solution File, Format Version 12.00
# Visual Studio 2013
Project("{8BC9CEB8-8B4A-11D0-8D11-00A0C91BC942}") = "ALL_BUILD", "ALL_BUILD.vcxproj", "{A3756B53-8C0A-44BA-8E5F-F46ACD88A2E3}"
	ProjectSection(ProjectDependencies) = postProject
		{DFA435B4-41A9-42D4-AB8C-D60DE1ACF49F} = {DFA435B4-41A9-42D4-AB8C-D60DE1ACF49F}
		{30114DD3-773B-407D-AA3D-F1FA4DDF13E9} = {30114DD3-773B-407D-AA3D-F1FA4DDF13E9}
		{223C5F4E-11A2-453D-BD09-C2B3051AC39B} = {223C5F4E-11A2-453D-BD09-C2B3051AC39B}
		{2D45DE1E-C625-4944-A4FD-DA98666D76B1} = {2D45DE1E-C625-4944-A4FD-DA98666D76B1}
		{038387D2-FE65-4837-A65C-9A836B838D7B} = {038387D2-FE65-4837-A65C-9A836B838D7B}
		{7B6AEDD0-FDA0-4B45-9F69-1E04341A05F6} = {7B6AEDD0-FDA0-4B45-9F69-1E04341A05F6}
		{5D7F9034-5313-430C-8EBF-65AF260C3678} = {5D7F9034-5313-430C-8EBF-65AF260C3678}
		{87E3F90F-8F7A-4232-BA4E-9383ED083BB1} = {87E3F90F-8F7A-4232-BA4E-9383ED083BB1}
		{8AC74282-0387-4F9A-97A3-4876984E376F} = {8AC74282-0387-4F9A-97A3-4876984E376F}
		{B170E58F-31E0-4FAB-9B6E-F9505FE69F68} = {B170E58F-31E0-4FAB-9B6E-F9505FE69F68}
		{AFBE3294-A4AC-43D3-B131-980495FE56FD} = {AFBE3294-A4AC-43D3-B131-980495FE56FD}
		{D7218CED-B184-4D67-BB54-6086B929EE68} = {D7218CED-B184-4D67-BB54-6086B929EE68}
		{4C4B73C3-5393-424A-A4E3-94CE39D5E01B} = {4C4B73C3-5393-424A-A4E3-94CE39D5E01B}
		{D6713039-7273-4675-AAB4-D6A07E22ADAB} = {D6713039-7273-4675-AAB4-D6A07E22ADAB}
		{C042D2C4-904E-4E1D-A825-1BCAA85C7F0C} = {C042D2C4-904E-4E1D-A825-1BCAA85C7F0C}
		{46B33224-A8AB-4298-875C-87164F6B6138} = {46B33224-A8AB-4298-875C-87164F6B6138}
		{3CA7C017-4877-42AB-99BC-1A6A8D5EDB91} = {3CA7C017-4877-42AB-99BC-1A6A8D5EDB91}
		{A3206994-705C-4E39-8F3C-8A4A10156EEB} = {A3206994-705C-4E39-8F3C-8A4A10156EEB}
		{1FF3E748-9A18-46D3-B4E8-EC99B37DFD84} = {1FF3E748-9A18-46D3-B4E8-EC99B37DFD84}
		{453758B9-7613-4552-81C3-3EC9A421EA63} = {453758B9-7613-4552-81C3-3EC9A421EA63}
		{0B2BB590-9549-475C-9464-D0EF19B74823} = {0B2BB590-9549-475C-9464-D0EF19B74823}
		{0F8F4F82-4DB1-449C-9C52-9EBD59E0008D} = {0F8F4F82-4DB1-449C-9C52-9EBD59E0008D}
		{5F0F9100-2C88-4103-A3B6-8FE5A7034BF2} = {5F0F9100-2C88-4103-A3B6-8FE5A7034BF2}
		{5C63DAF6-D7BF-4A8C-BD67-2DBE3B894E29} = {5C63DAF6-D7BF-4A8C-BD67-2DBE3B894E29}
		{61A8457D-EAA5-4A49-A782-C8AF921D59FC} = {61A8457D-EAA5-4A49-A782-C8AF921D59FC}
		{45B601B5-FAEC-4456-85C1-7D6791E382CB} = {45B601B5-FAEC-4456-85C1-7D6791E382CB}
		{7572A691-A30D-4B5A-ADBB-490C9FE48B46} = {7572A691-A30D-4B5A-ADBB-490C9FE48B46}
		{DD896E0D-C401-4C97-8239-BBF1B8045A1A} = {DD896E0D-C401-4C97-8239-BBF1B8045A1A}
		{99A0D3B5-DF27-4273-A478-D84F81220E1D} = {99A0D3B5-DF27-4273-A478-D84F81220E1D}
		{2B2BC16F-CE16-4DE5-A7D4-71B49B9D0118} = {2B2BC16F-CE16-4DE5-A7D4-71B49B9D0118}
		{0E24DF68-2FF1-4CFB-A242-1A41A23894A5} = {0E24DF68-2FF1-4CFB-A242-1A41A23894A5}
		{1F49C1B1-B3DB-45F9-AA26-6C3888DBB0D3} = {1F49C1B1-B3DB-45F9-AA26-6C3888DBB0D3}
		{5D68E3F8-059B-42CC-B71A-2C86D46576C7} = {5D68E3F8-059B-42CC-B71A-2C86D46576C7}
		{0EC957F9-F9D0-4873-8452-B0E431E28018} = {0EC957F9-F9D0-4873-8452-B0E431E28018}
		{8BCD88B2-1D2C-48DC-8C0E-5342A9526DF4} = {8BCD88B2-1D2C-48DC-8C0E-5342A9526DF4}
		{0BED6649-FB93-4953-8A70-B81604851467} = {0BED6649-FB93-4953-8A70-B81604851467}
	EndProjectSection
EndProject
Project("{8BC9CEB8-8B4A-11D0-8D11-00A0C91BC942}") = "ANTTWEAKBAR_116_OGLCORE_GLFW", "external\ANTTWEAKBAR_116_OGLCORE_GLFW.vcxproj", "{DFA435B4-41A9-42D4-AB8C-D60DE1ACF49F}"
	ProjectSection(ProjectDependencies) = postProject
		{87E3F90F-8F7A-4232-BA4E-9383ED083BB1} = {87E3F90F-8F7A-4232-BA4E-9383ED083BB1}
	EndProjectSection
EndProject
Project("{8BC9CEB8-8B4A-11D0-8D11-00A0C91BC942}") = "BulletCollision", "external\bullet-2.81-rev2613\src\BulletCollision\BulletCollision.vcxproj", "{30114DD3-773B-407D-AA3D-F1FA4DDF13E9}"
	ProjectSection(ProjectDependencies) = postProject
		{87E3F90F-8F7A-4232-BA4E-9383ED083BB1} = {87E3F90F-8F7A-4232-BA4E-9383ED083BB1}
	EndProjectSection
EndProject
Project("{8BC9CEB8-8B4A-11D0-8D11-00A0C91BC942}") = "BulletDynamics", "external\bullet-2.81-rev2613\src\BulletDynamics\BulletDynamics.vcxproj", "{223C5F4E-11A2-453D-BD09-C2B3051AC39B}"
	ProjectSection(ProjectDependencies) = postProject
		{87E3F90F-8F7A-4232-BA4E-9383ED083BB1} = {87E3F90F-8F7A-4232-BA4E-9383ED083BB1}
	EndProjectSection
EndProject
Project("{8BC9CEB8-8B4A-11D0-8D11-00A0C91BC942}") = "BulletSoftBody", "external\bullet-2.81-rev2613\src\BulletSoftBody\BulletSoftBody.vcxproj", "{2D45DE1E-C625-4944-A4FD-DA98666D76B1}"
	ProjectSection(ProjectDependencies) = postProject
		{87E3F90F-8F7A-4232-BA4E-9383ED083BB1} = {87E3F90F-8F7A-4232-BA4E-9383ED083BB1}
	EndProjectSection
EndProject
Project("{8BC9CEB8-8B4A-11D0-8D11-00A0C91BC942}") = "GLEW_190", "external\GLEW_190.vcxproj", "{038387D2-FE65-4837-A65C-9A836B838D7B}"
	ProjectSection(ProjectDependencies) = postProject
		{87E3F90F-8F7A-4232-BA4E-9383ED083BB1} = {87E3F90F-8F7A-4232-BA4E-9383ED083BB1}
	EndProjectSection
EndProject
Project("{8BC9CEB8-8B4A-11D0-8D11-00A0C91BC942}") = "GLFW_303", "external\glfw-3.0.3\src\GLFW_303.vcxproj", "{7B6AEDD0-FDA0-4B45-9F69-1E04341A05F6}"
	ProjectSection(ProjectDependencies) = postProject
		{87E3F90F-8F7A-4232-BA4E-9383ED083BB1} = {87E3F90F-8F7A-4232-BA4E-9383ED083BB1}
	EndProjectSection
EndProject
Project("{8BC9CEB8-8B4A-11D0-8D11-00A0C91BC942}") = "INSTALL", "INSTALL.vcxproj", "{87412E28-7CB8-4863-800F-301BE19C0432}"
	ProjectSection(ProjectDependencies) = postProject
		{A3756B53-8C0A-44BA-8E5F-F46ACD88A2E3} = {A3756B53-8C0A-44BA-8E5F-F46ACD88A2E3}
	EndProjectSection
EndProject
Project("{8BC9CEB8-8B4A-11D0-8D11-00A0C91BC942}") = "LinearMath", "external\bullet-2.81-rev2613\src\LinearMath\LinearMath.vcxproj", "{5D7F9034-5313-430C-8EBF-65AF260C3678}"
	ProjectSection(ProjectDependencies) = postProject
		{87E3F90F-8F7A-4232-BA4E-9383ED083BB1} = {87E3F90F-8F7A-4232-BA4E-9383ED083BB1}
	EndProjectSection
EndProject
Project("{8BC9CEB8-8B4A-11D0-8D11-00A0C91BC942}") = "ZERO_CHECK", "ZERO_CHECK.vcxproj", "{87E3F90F-8F7A-4232-BA4E-9383ED083BB1}"
	ProjectSection(ProjectDependencies) = postProject
	EndProjectSection
EndProject
Project("{8BC9CEB8-8B4A-11D0-8D11-00A0C91BC942}") = "assimp", "external\assimp-3.0.1270\code\assimp.vcxproj", "{8AC74282-0387-4F9A-97A3-4876984E376F}"
	ProjectSection(ProjectDependencies) = postProject
		{87E3F90F-8F7A-4232-BA4E-9383ED083BB1} = {87E3F90F-8F7A-4232-BA4E-9383ED083BB1}
		{0BED6649-FB93-4953-8A70-B81604851467} = {0BED6649-FB93-4953-8A70-B81604851467}
	EndProjectSection
EndProject
Project("{8BC9CEB8-8B4A-11D0-8D11-00A0C91BC942}") = "misc05_picking_BulletPhysics", "misc05_picking_BulletPhysics.vcxproj", "{B170E58F-31E0-4FAB-9B6E-F9505FE69F68}"
	ProjectSection(ProjectDependencies) = postProject
		{DFA435B4-41A9-42D4-AB8C-D60DE1ACF49F} = {DFA435B4-41A9-42D4-AB8C-D60DE1ACF49F}
		{30114DD3-773B-407D-AA3D-F1FA4DDF13E9} = {30114DD3-773B-407D-AA3D-F1FA4DDF13E9}
		{223C5F4E-11A2-453D-BD09-C2B3051AC39B} = {223C5F4E-11A2-453D-BD09-C2B3051AC39B}
		{038387D2-FE65-4837-A65C-9A836B838D7B} = {038387D2-FE65-4837-A65C-9A836B838D7B}
		{7B6AEDD0-FDA0-4B45-9F69-1E04341A05F6} = {7B6AEDD0-FDA0-4B45-9F69-1E04341A05F6}
		{5D7F9034-5313-430C-8EBF-65AF260C3678} = {5D7F9034-5313-430C-8EBF-65AF260C3678}
		{87E3F90F-8F7A-4232-BA4E-9383ED083BB1} = {87E3F90F-8F7A-4232-BA4E-9383ED083BB1}
	EndProjectSection
EndProject
Project("{8BC9CEB8-8B4A-11D0-8D11-00A0C91BC942}") = "misc05_picking_custom", "misc05_picking_custom.vcxproj", "{AFBE3294-A4AC-43D3-B131-980495FE56FD}"
	ProjectSection(ProjectDependencies) = postProject
		{DFA435B4-41A9-42D4-AB8C-D60DE1ACF49F} = {DFA435B4-41A9-42D4-AB8C-D60DE1ACF49F}
		{038387D2-FE65-4837-A65C-9A836B838D7B} = {038387D2-FE65-4837-A65C-9A836B838D7B}
		{7B6AEDD0-FDA0-4B45-9F69-1E04341A05F6} = {7B6AEDD0-FDA0-4B45-9F69-1E04341A05F6}
		{87E3F90F-8F7A-4232-BA4E-9383ED083BB1} = {87E3F90F-8F7A-4232-BA4E-9383ED083BB1}
	EndProjectSection
EndProject
Project("{8BC9CEB8-8B4A-11D0-8D11-00A0C91BC942}") = "misc05_picking_slow_easy", "misc05_picking_slow_easy.vcxproj", "{D7218CED-B184-4D67-BB54-6086B929EE68}"
	ProjectSection(ProjectDependencies) = postProject
		{DFA435B4-41A9-42D4-AB8C-D60DE1ACF49F} = {DFA435B4-41A9-42D4-AB8C-D60DE1ACF49F}
		{038387D2-FE65-4837-A65C-9A836B838D7B} = {038387D2-FE65-4837-A65C-9A836B838D7B}
		{7B6AEDD0-FDA0-4B45-9F69-1E04341A05F6} = {7B6AEDD0-FDA0-4B45-9F69-1E04341A05F6}
		{87E3F90F-8F7A-4232-BA4E-9383ED083BB1} = {87E3F90F-8F7A-4232-BA4E-9383ED083BB1}
	EndProjectSection
EndProject
Project("{8BC9CEB8-8B4A-11D0-8D11-00A0C91BC942}") = "playground", "playground.vcxproj", "{4C4B73C3-5393-424A-A4E3-94CE39D5E01B}"
	ProjectSection(ProjectDependencies) = postProject
		{038387D2-FE65-4837-A65C-9A836B838D7B} = {038387D2-FE65-4837-A65C-9A836B838D7B}
		{7B6AEDD0-FDA0-4B45-9F69-1E04341A05F6} = {7B6AEDD0-FDA0-4B45-9F69-1E04341A05F6}
		{87E3F90F-8F7A-4232-BA4E-9383ED083BB1} = {87E3F90F-8F7A-4232-BA4E-9383ED083BB1}
	EndProjectSection
EndProject
Project("{8BC9CEB8-8B4A-11D0-8D11-00A0C91BC942}") = "tutorial01_first_window", "tutorial01_first_window.vcxproj", "{D6713039-7273-4675-AAB4-D6A07E22ADAB}"
	ProjectSection(ProjectDependencies) = postProject
		{038387D2-FE65-4837-A65C-9A836B838D7B} = {038387D2-FE65-4837-A65C-9A836B838D7B}
		{7B6AEDD0-FDA0-4B45-9F69-1E04341A05F6} = {7B6AEDD0-FDA0-4B45-9F69-1E04341A05F6}
		{87E3F90F-8F7A-4232-BA4E-9383ED083BB1} = {87E3F90F-8F7A-4232-BA4E-9383ED083BB1}
	EndProjectSection
EndProject
Project("{8BC9CEB8-8B4A-11D0-8D11-00A0C91BC942}") = "tutorial02_red_triangle", "tutorial02_red_triangle.vcxproj", "{C042D2C4-904E-4E1D-A825-1BCAA85C7F0C}"
	ProjectSection(ProjectDependencies) = postProject
		{038387D2-FE65-4837-A65C-9A836B838D7B} = {038387D2-FE65-4837-A65C-9A836B838D7B}
		{7B6AEDD0-FDA0-4B45-9F69-1E04341A05F6} = {7B6AEDD0-FDA0-4B45-9F69-1E04341A05F6}
		{87E3F90F-8F7A-4232-BA4E-9383ED083BB1} = {87E3F90F-8F7A-4232-BA4E-9383ED083BB1}
	EndProjectSection
EndProject
Project("{8BC9CEB8-8B4A-11D0-8D11-00A0C91BC942}") = "tutorial03_matrices", "tutorial03_matrices.vcxproj", "{46B33224-A8AB-4298-875C-87164F6B6138}"
	ProjectSection(ProjectDependencies) = postProject
		{038387D2-FE65-4837-A65C-9A836B838D7B} = {038387D2-FE65-4837-A65C-9A836B838D7B}
		{7B6AEDD0-FDA0-4B45-9F69-1E04341A05F6} = {7B6AEDD0-FDA0-4B45-9F69-1E04341A05F6}
		{87E3F90F-8F7A-4232-BA4E-9383ED083BB1} = {87E3F90F-8F7A-4232-BA4E-9383ED083BB1}
	EndProjectSection
EndProject
Project("{8BC9CEB8-8B4A-11D0-8D11-00A0C91BC942}") = "tutorial04_colored_cube", "tutorial04_colored_cube.vcxproj", "{3CA7C017-4877-42AB-99BC-1A6A8D5EDB91}"
	ProjectSection(ProjectDependencies) = postProject
		{038387D2-FE65-4837-A65C-9A836B838D7B} = {038387D2-FE65-4837-A65C-9A836B838D7B}
		{7B6AEDD0-FDA0-4B45-9F69-1E04341A05F6} = {7B6AEDD0-FDA0-4B45-9F69-1E04341A05F6}
		{87E3F90F-8F7A-4232-BA4E-9383ED083BB1} = {87E3F90F-8F7A-4232-BA4E-9383ED083BB1}
	EndProjectSection
EndProject
Project("{8BC9CEB8-8B4A-11D0-8D11-00A0C91BC942}") = "tutorial05_textured_cube", "tutorial05_textured_cube.vcxproj", "{A3206994-705C-4E39-8F3C-8A4A10156EEB}"
	ProjectSection(ProjectDependencies) = postProject
		{038387D2-FE65-4837-A65C-9A836B838D7B} = {038387D2-FE65-4837-A65C-9A836B838D7B}
		{7B6AEDD0-FDA0-4B45-9F69-1E04341A05F6} = {7B6AEDD0-FDA0-4B45-9F69-1E04341A05F6}
		{87E3F90F-8F7A-4232-BA4E-9383ED083BB1} = {87E3F90F-8F7A-4232-BA4E-9383ED083BB1}
	EndProjectSection
EndProject
Project("{8BC9CEB8-8B4A-11D0-8D11-00A0C91BC942}") = "tutorial06_keyboard_and_mouse", "tutorial06_keyboard_and_mouse.vcxproj", "{1FF3E748-9A18-46D3-B4E8-EC99B37DFD84}"
	ProjectSection(ProjectDependencies) = postProject
		{038387D2-FE65-4837-A65C-9A836B838D7B} = {038387D2-FE65-4837-A65C-9A836B838D7B}
		{7B6AEDD0-FDA0-4B45-9F69-1E04341A05F6} = {7B6AEDD0-FDA0-4B45-9F69-1E04341A05F6}
		{87E3F90F-8F7A-4232-BA4E-9383ED083BB1} = {87E3F90F-8F7A-4232-BA4E-9383ED083BB1}
	EndProjectSection
EndProject
Project("{8BC9CEB8-8B4A-11D0-8D11-00A0C91BC942}") = "tutorial07_model_loading", "tutorial07_model_loading.vcxproj", "{453758B9-7613-4552-81C3-3EC9A421EA63}"
	ProjectSection(ProjectDependencies) = postProject
		{038387D2-FE65-4837-A65C-9A836B838D7B} = {038387D2-FE65-4837-A65C-9A836B838D7B}
		{7B6AEDD0-FDA0-4B45-9F69-1E04341A05F6} = {7B6AEDD0-FDA0-4B45-9F69-1E04341A05F6}
		{87E3F90F-8F7A-4232-BA4E-9383ED083BB1} = {87E3F90F-8F7A-4232-BA4E-9383ED083BB1}
	EndProjectSection
EndProject
Project("{8BC9CEB8-8B4A-11D0-8D11-00A0C91BC942}") = "tutorial08_basic_shading", "tutorial08_basic_shading.vcxproj", "{0B2BB590-9549-475C-9464-D0EF19B74823}"
	ProjectSection(ProjectDependencies) = postProject
		{038387D2-FE65-4837-A65C-9A836B838D7B} = {038387D2-FE65-4837-A65C-9A836B838D7B}
		{7B6AEDD0-FDA0-4B45-9F69-1E04341A05F6} = {7B6AEDD0-FDA0-4B45-9F69-1E04341A05F6}
		{87E3F90F-8F7A-4232-BA4E-9383ED083BB1} = {87E3F90F-8F7A-4232-BA4E-9383ED083BB1}
	EndProjectSection
EndProject
Project("{8BC9CEB8-8B4A-11D0-8D11-00A0C91BC942}") = "tutorial09_AssImp", "tutorial09_AssImp.vcxproj", "{0F8F4F82-4DB1-449C-9C52-9EBD59E0008D}"
	ProjectSection(ProjectDependencies) = postProject
		{038387D2-FE65-4837-A65C-9A836B838D7B} = {038387D2-FE65-4837-A65C-9A836B838D7B}
		{7B6AEDD0-FDA0-4B45-9F69-1E04341A05F6} = {7B6AEDD0-FDA0-4B45-9F69-1E04341A05F6}
		{87E3F90F-8F7A-4232-BA4E-9383ED083BB1} = {87E3F90F-8F7A-4232-BA4E-9383ED083BB1}
		{8AC74282-0387-4F9A-97A3-4876984E376F} = {8AC74282-0387-4F9A-97A3-4876984E376F}
		{0BED6649-FB93-4953-8A70-B81604851467} = {0BED6649-FB93-4953-8A70-B81604851467}
	EndProjectSection
EndProject
Project("{8BC9CEB8-8B4A-11D0-8D11-00A0C91BC942}") = "tutorial09_several_objects", "tutorial09_several_objects.vcxproj", "{5F0F9100-2C88-4103-A3B6-8FE5A7034BF2}"
	ProjectSection(ProjectDependencies) = postProject
		{038387D2-FE65-4837-A65C-9A836B838D7B} = {038387D2-FE65-4837-A65C-9A836B838D7B}
		{7B6AEDD0-FDA0-4B45-9F69-1E04341A05F6} = {7B6AEDD0-FDA0-4B45-9F69-1E04341A05F6}
		{87E3F90F-8F7A-4232-BA4E-9383ED083BB1} = {87E3F90F-8F7A-4232-BA4E-9383ED083BB1}
	EndProjectSection
EndProject
Project("{8BC9CEB8-8B4A-11D0-8D11-00A0C91BC942}") = "tutorial09_vbo_indexing", "tutorial09_vbo_indexing.vcxproj", "{5C63DAF6-D7BF-4A8C-BD67-2DBE3B894E29}"
	ProjectSection(ProjectDependencies) = postProject
		{038387D2-FE65-4837-A65C-9A836B838D7B} = {038387D2-FE65-4837-A65C-9A836B838D7B}
		{7B6AEDD0-FDA0-4B45-9F69-1E04341A05F6} = {7B6AEDD0-FDA0-4B45-9F69-1E04341A05F6}
		{87E3F90F-8F7A-4232-BA4E-9383ED083BB1} = {87E3F90F-8F7A-4232-BA4E-9383ED083BB1}
	EndProjectSection
EndProject
Project("{8BC9CEB8-8B4A-11D0-8D11-00A0C91BC942}") = "tutorial10_transparency", "tutorial10_transparency.vcxproj", "{61A8457D-EAA5-4A49-A782-C8AF921D59FC}"
	ProjectSection(ProjectDependencies) = postProject
		{038387D2-FE65-4837-A65C-9A836B838D7B} = {038387D2-FE65-4837-A65C-9A836B838D7B}
		{7B6AEDD0-FDA0-4B45-9F69-1E04341A05F6} = {7B6AEDD0-FDA0-4B45-9F69-1E04341A05F6}
		{87E3F90F-8F7A-4232-BA4E-9383ED083BB1} = {87E3F90F-8F7A-4232-BA4E-9383ED083BB1}
	EndProjectSection
EndProject
Project("{8BC9CEB8-8B4A-11D0-8D11-00A0C91BC942}") = "tutorial11_2d_fonts", "tutorial11_2d_fonts.vcxproj", "{45B601B5-FAEC-4456-85C1-7D6791E382CB}"
	ProjectSection(ProjectDependencies) = postProject
		{038387D2-FE65-4837-A65C-9A836B838D7B} = {038387D2-FE65-4837-A65C-9A836B838D7B}
		{7B6AEDD0-FDA0-4B45-9F69-1E04341A05F6} = {7B6AEDD0-FDA0-4B45-9F69-1E04341A05F6}
		{87E3F90F-8F7A-4232-BA4E-9383ED083BB1} = {87E3F90F-8F7A-4232-BA4E-9383ED083BB1}
	EndProjectSection
EndProject
Project("{8BC9CEB8-8B4A-11D0-8D11-00A0C91BC942}") = "tutorial12_extensions", "tutorial12_extensions.vcxproj", "{7572A691-A30D-4B5A-ADBB-490C9FE48B46}"
	ProjectSection(ProjectDependencies) = postProject
		{038387D2-FE65-4837-A65C-9A836B838D7B} = {038387D2-FE65-4837-A65C-9A836B838D7B}
		{7B6AEDD0-FDA0-4B45-9F69-1E04341A05F6} = {7B6AEDD0-FDA0-4B45-9F69-1E04341A05F6}
		{87E3F90F-8F7A-4232-BA4E-9383ED083BB1} = {87E3F90F-8F7A-4232-BA4E-9383ED083BB1}
	EndProjectSection
EndProject
Project("{8BC9CEB8-8B4A-11D0-8D11-00A0C91BC942}") = "tutorial13_normal_mapping", "tutorial13_normal_mapping.vcxproj", "{DD896E0D-C401-4C97-8239-BBF1B8045A1A}"
	ProjectSection(ProjectDependencies) = postProject
		{038387D2-FE65-4837-A65C-9A836B838D7B} = {038387D2-FE65-4837-A65C-9A836B838D7B}
		{7B6AEDD0-FDA0-4B45-9F69-1E04341A05F6} = {7B6AEDD0-FDA0-4B45-9F69-1E04341A05F6}
		{87E3F90F-8F7A-4232-BA4E-9383ED083BB1} = {87E3F90F-8F7A-4232-BA4E-9383ED083BB1}
	EndProjectSection
EndProject
Project("{8BC9CEB8-8B4A-11D0-8D11-00A0C91BC942}") = "tutorial14_render_to_texture", "tutorial14_render_to_texture.vcxproj", "{99A0D3B5-DF27-4273-A478-D84F81220E1D}"
	ProjectSection(ProjectDependencies) = postProject
		{038387D2-FE65-4837-A65C-9A836B838D7B} = {038387D2-FE65-4837-A65C-9A836B838D7B}
		{7B6AEDD0-FDA0-4B45-9F69-1E04341A05F6} = {7B6AEDD0-FDA0-4B45-9F69-1E04341A05F6}
		{87E3F90F-8F7A-4232-BA4E-9383ED083BB1} = {87E3F90F-8F7A-4232-BA4E-9383ED083BB1}
	EndProjectSection
EndProject
Project("{8BC9CEB8-8B4A-11D0-8D11-00A0C91BC942}") = "tutorial15_lightmaps", "tutorial15_lightmaps.vcxproj", "{2B2BC16F-CE16-4DE5-A7D4-71B49B9D0118}"
	ProjectSection(ProjectDependencies) = postProject
		{038387D2-FE65-4837-A65C-9A836B838D7B} = {038387D2-FE65-4837-A65C-9A836B838D7B}
		{7B6AEDD0-FDA0-4B45-9F69-1E04341A05F6} = {7B6AEDD0-FDA0-4B45-9F69-1E04341A05F6}
		{87E3F90F-8F7A-4232-BA4E-9383ED083BB1} = {87E3F90F-8F7A-4232-BA4E-9383ED083BB1}
	EndProjectSection
EndProject
Project("{8BC9CEB8-8B4A-11D0-8D11-00A0C91BC942}") = "tutorial16_shadowmaps", "tutorial16_shadowmaps.vcxproj", "{0E24DF68-2FF1-4CFB-A242-1A41A23894A5}"
	ProjectSection(ProjectDependencies) = postProject
		{038387D2-FE65-4837-A65C-9A836B838D7B} = {038387D2-FE65-4837-A65C-9A836B838D7B}
		{7B6AEDD0-FDA0-4B45-9F69-1E04341A05F6} = {7B6AEDD0-FDA0-4B45-9F69-1E04341A05F6}
		{87E3F90F-8F7A-4232-BA4E-9383ED083BB1} = {87E3F90F-8F7A-4232-BA4E-9383ED083BB1}
	EndProjectSection
EndProject
Project("{8BC9CEB8-8B4A-11D0-8D11-00A0C91BC942}") = "tutorial16_shadowmaps_simple", "tutorial16_shadowmaps_simple.vcxproj", "{1F49C1B1-B3DB-45F9-AA26-6C3888DBB0D3}"
	ProjectSection(ProjectDependencies) = postProject
		{038387D2-FE65-4837-A65C-9A836B838D7B} = {038387D2-FE65-4837-A65C-9A836B838D7B}
		{7B6AEDD0-FDA0-4B45-9F69-1E04341A05F6} = {7B6AEDD0-FDA0-4B45-9F69-1E04341A05F6}
		{87E3F90F-8F7A-4232-BA4E-9383ED083BB1} = {87E3F90F-8F7A-4232-BA4E-9383ED083BB1}
	EndProjectSection
EndProject
Project("{8BC9CEB8-8B4A-11D0-8D11-00A0C91BC942}") = "tutorial17_rotations", "tutorial17_rotations.vcxproj", "{5D68E3F8-059B-42CC-B71A-2C86D46576C7}"
	ProjectSection(ProjectDependencies) = postProject
		{DFA435B4-41A9-42D4-AB8C-D60DE1ACF49F} = {DFA435B4-41A9-42D4-AB8C-D60DE1ACF49F}
		{038387D2-FE65-4837-A65C-9A836B838D7B} = {038387D2-FE65-4837-A65C-9A836B838D7B}
		{7B6AEDD0-FDA0-4B45-9F69-1E04341A05F6} = {7B6AEDD0-FDA0-4B45-9F69-1E04341A05F6}
		{87E3F90F-8F7A-4232-BA4E-9383ED083BB1} = {87E3F90F-8F7A-4232-BA4E-9383ED083BB1}
	EndProjectSection
EndProject
Project("{8BC9CEB8-8B4A-11D0-8D11-00A0C91BC942}") = "tutorial18_billboards", "tutorial18_billboards.vcxproj", "{0EC957F9-F9D0-4873-8452-B0E431E28018}"
	ProjectSection(ProjectDependencies) = postProject
		{038387D2-FE65-4837-A65C-9A836B838D7B} = {038387D2-FE65-4837-A65C-9A836B838D7B}
		{7B6AEDD0-FDA0-4B45-9F69-1E04341A05F6} = {7B6AEDD0-FDA0-4B45-9F69-1E04341A05F6}
		{87E3F90F-8F7A-4232-BA4E-9383ED083BB1} = {87E3F90F-8F7A-4232-BA4E-9383ED083BB1}
	EndProjectSection
EndProject
Project("{8BC9CEB8-8B4A-11D0-8D11-00A0C91BC942}") = "tutorial18_particles", "tutorial18_particles.vcxproj", "{8BCD88B2-1D2C-48DC-8C0E-5342A9526DF4}"
	ProjectSection(ProjectDependencies) = postProject
		{038387D2-FE65-4837-A65C-9A836B838D7B} = {038387D2-FE65-4837-A65C-9A836B838D7B}
		{7B6AEDD0-FDA0-4B45-9F69-1E04341A05F6} = {7B6AEDD0-FDA0-4B45-9F69-1E04341A05F6}
		{87E3F90F-8F7A-4232-BA4E-9383ED083BB1} = {87E3F90F-8F7A-4232-BA4E-9383ED083BB1}
	EndProjectSection
EndProject
Project("{8BC9CEB8-8B4A-11D0-8D11-00A0C91BC942}") = "zlib", "external\assimp-3.0.1270\contrib\zlib\zlib.vcxproj", "{0BED6649-FB93-4953-8A70-B81604851467}"
	ProjectSection(ProjectDependencies) = postProject
		{87E3F90F-8F7A-4232-BA4E-9383ED083BB1} = {87E3F90F-8F7A-4232-BA4E-9383ED083BB1}
	EndProjectSection
EndProject
Global
	GlobalSection(SolutionConfigurationPlatforms) = preSolution
		Debug|x64 = Debug|x64
		Release|x64 = Release|x64
		MinSizeRel|x64 = MinSizeRel|x64
		RelWithDebInfo|x64 = RelWithDebInfo|x64
	EndGlobalSection
	GlobalSection(ProjectConfigurationPlatforms) = postSolution
		{A3756B53-8C0A-44BA-8E5F-F46ACD88A2E3}.Debug|x64.ActiveCfg = Debug|x64
		{A3756B53-8C0A-44BA-8E5F-F46ACD88A2E3}.Debug|x64.Build.0 = Debug|x64
		{A3756B53-8C0A-44BA-8E5F-F46ACD88A2E3}.Release|x64.ActiveCfg = Release|x64
		{A3756B53-8C0A-44BA-8E5F-F46ACD88A2E3}.Release|x64.Build.0 = Release|x64
		{A3756B53-8C0A-44BA-8E5F-F46ACD88A2E3}.MinSizeRel|x64.ActiveCfg = MinSizeRel|x64
		{A3756B53-8C0A-44BA-8E5F-F46ACD88A2E3}.MinSizeRel|x64.Build.0 = MinSizeRel|x64
		{A3756B53-8C0A-44BA-8E5F-F46ACD88A2E3}.RelWithDebInfo|x64.ActiveCfg = RelWithDebInfo|x64
		{A3756B53-8C0A-44BA-8E5F-F46ACD88A2E3}.RelWithDebInfo|x64.Build.0 = RelWithDebInfo|x64
		{DFA435B4-41A9-42D4-AB8C-D60DE1ACF49F}.Debug|x64.ActiveCfg = Debug|x64
		{DFA435B4-41A9-42D4-AB8C-D60DE1ACF49F}.Debug|x64.Build.0 = Debug|x64
		{DFA435B4-41A9-42D4-AB8C-D60DE1ACF49F}.Release|x64.ActiveCfg = Release|x64
		{DFA435B4-41A9-42D4-AB8C-D60DE1ACF49F}.Release|x64.Build.0 = Release|x64
		{DFA435B4-41A9-42D4-AB8C-D60DE1ACF49F}.MinSizeRel|x64.ActiveCfg = MinSizeRel|x64
		{DFA435B4-41A9-42D4-AB8C-D60DE1ACF49F}.MinSizeRel|x64.Build.0 = MinSizeRel|x64
		{DFA435B4-41A9-42D4-AB8C-D60DE1ACF49F}.RelWithDebInfo|x64.ActiveCfg = RelWithDebInfo|x64
		{DFA435B4-41A9-42D4-AB8C-D60DE1ACF49F}.RelWithDebInfo|x64.Build.0 = RelWithDebInfo|x64
		{30114DD3-773B-407D-AA3D-F1FA4DDF13E9}.Debug|x64.ActiveCfg = Debug|x64
		{30114DD3-773B-407D-AA3D-F1FA4DDF13E9}.Debug|x64.Build.0 = Debug|x64
		{30114DD3-773B-407D-AA3D-F1FA4DDF13E9}.Release|x64.ActiveCfg = Release|x64
		{30114DD3-773B-407D-AA3D-F1FA4DDF13E9}.Release|x64.Build.0 = Release|x64
		{30114DD3-773B-407D-AA3D-F1FA4DDF13E9}.MinSizeRel|x64.ActiveCfg = MinSizeRel|x64
		{30114DD3-773B-407D-AA3D-F1FA4DDF13E9}.MinSizeRel|x64.Build.0 = MinSizeRel|x64
		{30114DD3-773B-407D-AA3D-F1FA4DDF13E9}.RelWithDebInfo|x64.ActiveCfg = RelWithDebInfo|x64
		{30114DD3-773B-407D-AA3D-F1FA4DDF13E9}.RelWithDebInfo|x64.Build.0 = RelWithDebInfo|x64
		{223C5F4E-11A2-453D-BD09-C2B3051AC39B}.Debug|x64.ActiveCfg = Debug|x64
		{223C5F4E-11A2-453D-BD09-C2B3051AC39B}.Debug|x64.Build.0 = Debug|x64
		{223C5F4E-11A2-453D-BD09-C2B3051AC39B}.Release|x64.ActiveCfg = Release|x64
		{223C5F4E-11A2-453D-BD09-C2B3051AC39B}.Release|x64.Build.0 = Release|x64
		{223C5F4E-11A2-453D-BD09-C2B3051AC39B}.MinSizeRel|x64.ActiveCfg = MinSizeRel|x64
		{223C5F4E-11A2-453D-BD09-C2B3051AC39B}.MinSizeRel|x64.Build.0 = MinSizeRel|x64
		{223C5F4E-11A2-453D-BD09-C2B3051AC39B}.RelWithDebInfo|x64.ActiveCfg = RelWithDebInfo|x64
		{223C5F4E-11A2-453D-BD09-C2B3051AC39B}.RelWithDebInfo|x64.Build.0 = RelWithDebInfo|x64
		{2D45DE1E-C625-4944-A4FD-DA98666D76B1}.Debug|x64.ActiveCfg = Debug|x64
		{2D45DE1E-C625-4944-A4FD-DA98666D76B1}.Debug|x64.Build.0 = Debug|x64
		{2D45DE1E-C625-4944-A4FD-DA98666D76B1}.Release|x64.ActiveCfg = Release|x64
		{2D45DE1E-C625-4944-A4FD-DA98666D76B1}.Release|x64.Build.0 = Release|x64
		{2D45DE1E-C625-4944-A4FD-DA98666D76B1}.MinSizeRel|x64.ActiveCfg = MinSizeRel|x64
		{2D45DE1E-C625-4944-A4FD-DA98666D76B1}.MinSizeRel|x64.Build.0 = MinSizeRel|x64
		{2D45DE1E-C625-4944-A4FD-DA98666D76B1}.RelWithDebInfo|x64.ActiveCfg = RelWithDebInfo|x64
		{2D45DE1E-C625-4944-A4FD-DA98666D76B1}.RelWithDebInfo|x64.Build.0 = RelWithDebInfo|x64
		{038387D2-FE65-4837-A65C-9A836B838D7B}.Debug|x64.ActiveCfg = Debug|x64
		{038387D2-FE65-4837-A65C-9A836B838D7B}.Debug|x64.Build.0 = Debug|x64
		{038387D2-FE65-4837-A65C-9A836B838D7B}.Release|x64.ActiveCfg = Release|x64
		{038387D2-FE65-4837-A65C-9A836B838D7B}.Release|x64.Build.0 = Release|x64
		{038387D2-FE65-4837-A65C-9A836B838D7B}.MinSizeRel|x64.ActiveCfg = MinSizeRel|x64
		{038387D2-FE65-4837-A65C-9A836B838D7B}.MinSizeRel|x64.Build.0 = MinSizeRel|x64
		{038387D2-FE65-4837-A65C-9A836B838D7B}.RelWithDebInfo|x64.ActiveCfg = RelWithDebInfo|x64
		{038387D2-FE65-4837-A65C-9A836B838D7B}.RelWithDebInfo|x64.Build.0 = RelWithDebInfo|x64
		{7B6AEDD0-FDA0-4B45-9F69-1E04341A05F6}.Debug|x64.ActiveCfg = Debug|x64
		{7B6AEDD0-FDA0-4B45-9F69-1E04341A05F6}.Debug|x64.Build.0 = Debug|x64
		{7B6AEDD0-FDA0-4B45-9F69-1E04341A05F6}.Release|x64.ActiveCfg = Release|x64
		{7B6AEDD0-FDA0-4B45-9F69-1E04341A05F6}.Release|x64.Build.0 = Release|x64
		{7B6AEDD0-FDA0-4B45-9F69-1E04341A05F6}.MinSizeRel|x64.ActiveCfg = MinSizeRel|x64
		{7B6AEDD0-FDA0-4B45-9F69-1E04341A05F6}.MinSizeRel|x64.Build.0 = MinSizeRel|x64
		{7B6AEDD0-FDA0-4B45-9F69-1E04341A05F6}.RelWithDebInfo|x64.ActiveCfg = RelWithDebInfo|x64
		{7B6AEDD0-FDA0-4B45-9F69-1E04341A05F6}.RelWithDebInfo|x64.Build.0 = RelWithDebInfo|x64
		{87412E28-7CB8-4863-800F-301BE19C0432}.Debug|x64.ActiveCfg = Debug|x64
		{87412E28-7CB8-4863-800F-301BE19C0432}.Release|x64.ActiveCfg = Release|x64
		{87412E28-7CB8-4863-800F-301BE19C0432}.MinSizeRel|x64.ActiveCfg = MinSizeRel|x64
		{87412E28-7CB8-4863-800F-301BE19C0432}.RelWithDebInfo|x64.ActiveCfg = RelWithDebInfo|x64
		{5D7F9034-5313-430C-8EBF-65AF260C3678}.Debug|x64.ActiveCfg = Debug|x64
		{5D7F9034-5313-430C-8EBF-65AF260C3678}.Debug|x64.Build.0 = Debug|x64
		{5D7F9034-5313-430C-8EBF-65AF260C3678}.Release|x64.ActiveCfg = Release|x64
		{5D7F9034-5313-430C-8EBF-65AF260C3678}.Release|x64.Build.0 = Release|x64
		{5D7F9034-5313-430C-8EBF-65AF260C3678}.MinSizeRel|x64.ActiveCfg = MinSizeRel|x64
		{5D7F9034-5313-430C-8EBF-65AF260C3678}.MinSizeRel|x64.Build.0 = MinSizeRel|x64
		{5D7F9034-5313-430C-8EBF-65AF260C3678}.RelWithDebInfo|x64.ActiveCfg = RelWithDebInfo|x64
		{5D7F9034-5313-430C-8EBF-65AF260C3678}.RelWithDebInfo|x64.Build.0 = RelWithDebInfo|x64
		{87E3F90F-8F7A-4232-BA4E-9383ED083BB1}.Debug|x64.ActiveCfg = Debug|x64
		{87E3F90F-8F7A-4232-BA4E-9383ED083BB1}.Debug|x64.Build.0 = Debug|x64
		{87E3F90F-8F7A-4232-BA4E-9383ED083BB1}.Release|x64.ActiveCfg = Release|x64
		{87E3F90F-8F7A-4232-BA4E-9383ED083BB1}.Release|x64.Build.0 = Release|x64
		{87E3F90F-8F7A-4232-BA4E-9383ED083BB1}.MinSizeRel|x64.ActiveCfg = MinSizeRel|x64
		{87E3F90F-8F7A-4232-BA4E-9383ED083BB1}.MinSizeRel|x64.Build.0 = MinSizeRel|x64
		{87E3F90F-8F7A-4232-BA4E-9383ED083BB1}.RelWithDebInfo|x64.ActiveCfg = RelWithDebInfo|x64
		{87E3F90F-8F7A-4232-BA4E-9383ED083BB1}.RelWithDebInfo|x64.Build.0 = RelWithDebInfo|x64
		{8AC74282-0387-4F9A-97A3-4876984E376F}.Debug|x64.ActiveCfg = Debug|x64
		{8AC74282-0387-4F9A-97A3-4876984E376F}.Debug|x64.Build.0 = Debug|x64
		{8AC74282-0387-4F9A-97A3-4876984E376F}.Release|x64.ActiveCfg = Release|x64
		{8AC74282-0387-4F9A-97A3-4876984E376F}.Release|x64.Build.0 = Release|x64
		{8AC74282-0387-4F9A-97A3-4876984E376F}.MinSizeRel|x64.ActiveCfg = MinSizeRel|x64
		{8AC74282-0387-4F9A-97A3-4876984E376F}.MinSizeRel|x64.Build.0 = MinSizeRel|x64
		{8AC74282-0387-4F9A-97A3-4876984E376F}.RelWithDebInfo|x64.ActiveCfg = RelWithDebInfo|x64
		{8AC74282-0387-4F9A-97A3-4876984E376F}.RelWithDebInfo|x64.Build.0 = RelWithDebInfo|x64
		{B170E58F-31E0-4FAB-9B6E-F9505FE69F68}.Debug|x64.ActiveCfg = Debug|x64
		{B170E58F-31E0-4FAB-9B6E-F9505FE69F68}.Debug|x64.Build.0 = Debug|x64
		{B170E58F-31E0-4FAB-9B6E-F9505FE69F68}.Release|x64.ActiveCfg = Release|x64
		{B170E58F-31E0-4FAB-9B6E-F9505FE69F68}.Release|x64.Build.0 = Release|x64
		{B170E58F-31E0-4FAB-9B6E-F9505FE69F68}.MinSizeRel|x64.ActiveCfg = MinSizeRel|x64
		{B170E58F-31E0-4FAB-9B6E-F9505FE69F68}.MinSizeRel|x64.Build.0 = MinSizeRel|x64
		{B170E58F-31E0-4FAB-9B6E-F9505FE69F68}.RelWithDebInfo|x64.ActiveCfg = RelWithDebInfo|x64
		{B170E58F-31E0-4FAB-9B6E-F9505FE69F68}.RelWithDebInfo|x64.Build.0 = RelWithDebInfo|x64
		{AFBE3294-A4AC-43D3-B131-980495FE56FD}.Debug|x64.ActiveCfg = Debug|x64
		{AFBE3294-A4AC-43D3-B131-980495FE56FD}.Debug|x64.Build.0 = Debug|x64
		{AFBE3294-A4AC-43D3-B131-980495FE56FD}.Release|x64.ActiveCfg = Release|x64
		{AFBE3294-A4AC-43D3-B131-980495FE56FD}.Release|x64.Build.0 = Release|x64
		{AFBE3294-A4AC-43D3-B131-980495FE56FD}.MinSizeRel|x64.ActiveCfg = MinSizeRel|x64
		{AFBE3294-A4AC-43D3-B131-980495FE56FD}.MinSizeRel|x64.Build.0 = MinSizeRel|x64
		{AFBE3294-A4AC-43D3-B131-980495FE56FD}.RelWithDebInfo|x64.ActiveCfg = RelWithDebInfo|x64
		{AFBE3294-A4AC-43D3-B131-980495FE56FD}.RelWithDebInfo|x64.Build.0 = RelWithDebInfo|x64
		{D7218CED-B184-4D67-BB54-6086B929EE68}.Debug|x64.ActiveCfg = Debug|x64
		{D7218CED-B184-4D67-BB54-6086B929EE68}.Debug|x64.Build.0 = Debug|x64
		{D7218CED-B184-4D67-BB54-6086B929EE68}.Release|x64.ActiveCfg = Release|x64
		{D7218CED-B184-4D67-BB54-6086B929EE68}.Release|x64.Build.0 = Release|x64
		{D7218CED-B184-4D67-BB54-6086B929EE68}.MinSizeRel|x64.ActiveCfg = MinSizeRel|x64
		{D7218CED-B184-4D67-BB54-6086B929EE68}.MinSizeRel|x64.Build.0 = MinSizeRel|x64
		{D7218CED-B184-4D67-BB54-6086B929EE68}.RelWithDebInfo|x64.ActiveCfg = RelWithDebInfo|x64
		{D7218CED-B184-4D67-BB54-6086B929EE68}.RelWithDebInfo|x64.Build.0 = RelWithDebInfo|x64
		{4C4B73C3-5393-424A-A4E3-94CE39D5E01B}.Debug|x64.ActiveCfg = Debug|x64
		{4C4B73C3-5393-424A-A4E3-94CE39D5E01B}.Debug|x64.Build.0 = Debug|x64
		{4C4B73C3-5393-424A-A4E3-94CE39D5E01B}.Release|x64.ActiveCfg = Release|x64
		{4C4B73C3-5393-424A-A4E3-94CE39D5E01B}.Release|x64.Build.0 = Release|x64
		{4C4B73C3-5393-424A-A4E3-94CE39D5E01B}.MinSizeRel|x64.ActiveCfg = MinSizeRel|x64
		{4C4B73C3-5393-424A-A4E3-94CE39D5E01B}.MinSizeRel|x64.Build.0 = MinSizeRel|x64
		{4C4B73C3-5393-424A-A4E3-94CE39D5E01B}.RelWithDebInfo|x64.ActiveCfg = RelWithDebInfo|x64
		{4C4B73C3-5393-424A-A4E3-94CE39D5E01B}.RelWithDebInfo|x64.Build.0 = RelWithDebInfo|x64
		{D6713039-7273-4675-AAB4-D6A07E22ADAB}.Debug|x64.ActiveCfg = Debug|x64
		{D6713039-7273-4675-AAB4-D6A07E22ADAB}.Debug|x64.Build.0 = Debug|x64
		{D6713039-7273-4675-AAB4-D6A07E22ADAB}.Release|x64.ActiveCfg = Release|x64
		{D6713039-7273-4675-AAB4-D6A07E22ADAB}.Release|x64.Build.0 = Release|x64
		{D6713039-7273-4675-AAB4-D6A07E22ADAB}.MinSizeRel|x64.ActiveCfg = MinSizeRel|x64
		{D6713039-7273-4675-AAB4-D6A07E22ADAB}.MinSizeRel|x64.Build.0 = MinSizeRel|x64
		{D6713039-7273-4675-AAB4-D6A07E22ADAB}.RelWithDebInfo|x64.ActiveCfg = RelWithDebInfo|x64
		{D6713039-7273-4675-AAB4-D6A07E22ADAB}.RelWithDebInfo|x64.Build.0 = RelWithDebInfo|x64
		{C042D2C4-904E-4E1D-A825-1BCAA85C7F0C}.Debug|x64.ActiveCfg = Debug|x64
		{C042D2C4-904E-4E1D-A825-1BCAA85C7F0C}.Debug|x64.Build.0 = Debug|x64
		{C042D2C4-904E-4E1D-A825-1BCAA85C7F0C}.Release|x64.ActiveCfg = Release|x64
		{C042D2C4-904E-4E1D-A825-1BCAA85C7F0C}.Release|x64.Build.0 = Release|x64
		{C042D2C4-904E-4E1D-A825-1BCAA85C7F0C}.MinSizeRel|x64.ActiveCfg = MinSizeRel|x64
		{C042D2C4-904E-4E1D-A825-1BCAA85C7F0C}.MinSizeRel|x64.Build.0 = MinSizeRel|x64
		{C042D2C4-904E-4E1D-A825-1BCAA85C7F0C}.RelWithDebInfo|x64.ActiveCfg = RelWithDebInfo|x64
		{C042D2C4-904E-4E1D-A825-1BCAA85C7F0C}.RelWithDebInfo|x64.Build.0 = RelWithDebInfo|x64
		{46B33224-A8AB-4298-875C-87164F6B6138}.Debug|x64.ActiveCfg = Debug|x64
		{46B33224-A8AB-4298-875C-87164F6B6138}.Debug|x64.Build.0 = Debug|x64
		{46B33224-A8AB-4298-875C-87164F6B6138}.Release|x64.ActiveCfg = Release|x64
		{46B33224-A8AB-4298-875C-87164F6B6138}.Release|x64.Build.0 = Release|x64
		{46B33224-A8AB-4298-875C-87164F6B6138}.MinSizeRel|x64.ActiveCfg = MinSizeRel|x64
		{46B33224-A8AB-4298-875C-87164F6B6138}.MinSizeRel|x64.Build.0 = MinSizeRel|x64
		{46B33224-A8AB-4298-875C-87164F6B6138}.RelWithDebInfo|x64.ActiveCfg = RelWithDebInfo|x64
		{46B33224-A8AB-4298-875C-87164F6B6138}.RelWithDebInfo|x64.Build.0 = RelWithDebInfo|x64
		{3CA7C017-4877-42AB-99BC-1A6A8D5EDB91}.Debug|x64.ActiveCfg = Debug|x64
		{3CA7C017-4877-42AB-99BC-1A6A8D5EDB91}.Debug|x64.Build.0 = Debug|x64
		{3CA7C017-4877-42AB-99BC-1A6A8D5EDB91}.Release|x64.ActiveCfg = Release|x64
		{3CA7C017-4877-42AB-99BC-1A6A8D5EDB91}.Release|x64.Build.0 = Release|x64
		{3CA7C017-4877-42AB-99BC-1A6A8D5EDB91}.MinSizeRel|x64.ActiveCfg = MinSizeRel|x64
		{3CA7C017-4877-42AB-99BC-1A6A8D5EDB91}.MinSizeRel|x64.Build.0 = MinSizeRel|x64
		{3CA7C017-4877-42AB-99BC-1A6A8D5EDB91}.RelWithDebInfo|x64.ActiveCfg = RelWithDebInfo|x64
		{3CA7C017-4877-42AB-99BC-1A6A8D5EDB91}.RelWithDebInfo|x64.Build.0 = RelWithDebInfo|x64
		{A3206994-705C-4E39-8F3C-8A4A10156EEB}.Debug|x64.ActiveCfg = Debug|x64
		{A3206994-705C-4E39-8F3C-8A4A10156EEB}.Debug|x64.Build.0 = Debug|x64
		{A3206994-705C-4E39-8F3C-8A4A10156EEB}.Release|x64.ActiveCfg = Release|x64
		{A3206994-705C-4E39-8F3C-8A4A10156EEB}.Release|x64.Build.0 = Release|x64
		{A3206994-705C-4E39-8F3C-8A4A10156EEB}.MinSizeRel|x64.ActiveCfg = MinSizeRel|x64
		{A3206994-705C-4E39-8F3C-8A4A10156EEB}.MinSizeRel|x64.Build.0 = MinSizeRel|x64
		{A3206994-705C-4E39-8F3C-8A4A10156EEB}.RelWithDebInfo|x64.ActiveCfg = RelWithDebInfo|x64
		{A3206994-705C-4E39-8F3C-8A4A10156EEB}.RelWithDebInfo|x64.Build.0 = RelWithDebInfo|x64
		{1FF3E748-9A18-46D3-B4E8-EC99B37DFD84}.Debug|x64.ActiveCfg = Debug|x64
		{1FF3E748-9A18-46D3-B4E8-EC99B37DFD84}.Debug|x64.Build.0 = Debug|x64
		{1FF3E748-9A18-46D3-B4E8-EC99B37DFD84}.Release|x64.ActiveCfg = Release|x64
		{1FF3E748-9A18-46D3-B4E8-EC99B37DFD84}.Release|x64.Build.0 = Release|x64
		{1FF3E748-9A18-46D3-B4E8-EC99B37DFD84}.MinSizeRel|x64.ActiveCfg = MinSizeRel|x64
		{1FF3E748-9A18-46D3-B4E8-EC99B37DFD84}.MinSizeRel|x64.Build.0 = MinSizeRel|x64
		{1FF3E748-9A18-46D3-B4E8-EC99B37DFD84}.RelWithDebInfo|x64.ActiveCfg = RelWithDebInfo|x64
		{1FF3E748-9A18-46D3-B4E8-EC99B37DFD84}.RelWithDebInfo|x64.Build.0 = RelWithDebInfo|x64
		{453758B9-7613-4552-81C3-3EC9A421EA63}.Debug|x64.ActiveCfg = Debug|x64
		{453758B9-7613-4552-81C3-3EC9A421EA63}.Debug|x64.Build.0 = Debug|x64
		{453758B9-7613-4552-81C3-3EC9A421EA63}.Release|x64.ActiveCfg = Release|x64
		{453758B9-7613-4552-81C3-3EC9A421EA63}.Release|x64.Build.0 = Release|x64
		{453758B9-7613-4552-81C3-3EC9A421EA63}.MinSizeRel|x64.ActiveCfg = MinSizeRel|x64
		{453758B9-7613-4552-81C3-3EC9A421EA63}.MinSizeRel|x64.Build.0 = MinSizeRel|x64
		{453758B9-7613-4552-81C3-3EC9A421EA63}.RelWithDebInfo|x64.ActiveCfg = RelWithDebInfo|x64
		{453758B9-7613-4552-81C3-3EC9A421EA63}.RelWithDebInfo|x64.Build.0 = RelWithDebInfo|x64
		{0B2BB590-9549-475C-9464-D0EF19B74823}.Debug|x64.ActiveCfg = Debug|x64
		{0B2BB590-9549-475C-9464-D0EF19B74823}.Debug|x64.Build.0 = Debug|x64
		{0B2BB590-9549-475C-9464-D0EF19B74823}.Release|x64.ActiveCfg = Release|x64
		{0B2BB590-9549-475C-9464-D0EF19B74823}.Release|x64.Build.0 = Release|x64
		{0B2BB590-9549-475C-9464-D0EF19B74823}.MinSizeRel|x64.ActiveCfg = MinSizeRel|x64
		{0B2BB590-9549-475C-9464-D0EF19B74823}.MinSizeRel|x64.Build.0 = MinSizeRel|x64
		{0B2BB590-9549-475C-9464-D0EF19B74823}.RelWithDebInfo|x64.ActiveCfg = RelWithDebInfo|x64
		{0B2BB590-9549-475C-9464-D0EF19B74823}.RelWithDebInfo|x64.Build.0 = RelWithDebInfo|x64
		{0F8F4F82-4DB1-449C-9C52-9EBD59E0008D}.Debug|x64.ActiveCfg = Debug|x64
		{0F8F4F82-4DB1-449C-9C52-9EBD59E0008D}.Debug|x64.Build.0 = Debug|x64
		{0F8F4F82-4DB1-449C-9C52-9EBD59E0008D}.Release|x64.ActiveCfg = Release|x64
		{0F8F4F82-4DB1-449C-9C52-9EBD59E0008D}.Release|x64.Build.0 = Release|x64
		{0F8F4F82-4DB1-449C-9C52-9EBD59E0008D}.MinSizeRel|x64.ActiveCfg = MinSizeRel|x64
		{0F8F4F82-4DB1-449C-9C52-9EBD59E0008D}.MinSizeRel|x64.Build.0 = MinSizeRel|x64
		{0F8F4F82-4DB1-449C-9C52-9EBD59E0008D}.RelWithDebInfo|x64.ActiveCfg = RelWithDebInfo|x64
		{0F8F4F82-4DB1-449C-9C52-9EBD59E0008D}.RelWithDebInfo|x64.Build.0 = RelWithDebInfo|x64
		{5F0F9100-2C88-4103-A3B6-8FE5A7034BF2}.Debug|x64.ActiveCfg = Debug|x64
		{5F0F9100-2C88-4103-A3B6-8FE5A7034BF2}.Debug|x64.Build.0 = Debug|x64
		{5F0F9100-2C88-4103-A3B6-8FE5A7034BF2}.Release|x64.ActiveCfg = Release|x64
		{5F0F9100-2C88-4103-A3B6-8FE5A7034BF2}.Release|x64.Build.0 = Release|x64
		{5F0F9100-2C88-4103-A3B6-8FE5A7034BF2}.MinSizeRel|x64.ActiveCfg = MinSizeRel|x64
		{5F0F9100-2C88-4103-A3B6-8FE5A7034BF2}.MinSizeRel|x64.Build.0 = MinSizeRel|x64
		{5F0F9100-2C88-4103-A3B6-8FE5A7034BF2}.RelWithDebInfo|x64.ActiveCfg = RelWithDebInfo|x64
		{5F0F9100-2C88-4103-A3B6-8FE5A7034BF2}.RelWithDebInfo|x64.Build.0 = RelWithDebInfo|x64
		{5C63DAF6-D7BF-4A8C-BD67-2DBE3B894E29}.Debug|x64.ActiveCfg = Debug|x64
		{5C63DAF6-D7BF-4A8C-BD67-2DBE3B894E29}.Debug|x64.Build.0 = Debug|x64
		{5C63DAF6-D7BF-4A8C-BD67-2DBE3B894E29}.Release|x64.ActiveCfg = Release|x64
		{5C63DAF6-D7BF-4A8C-BD67-2DBE3B894E29}.Release|x64.Build.0 = Release|x64
		{5C63DAF6-D7BF-4A8C-BD67-2DBE3B894E29}.MinSizeRel|x64.ActiveCfg = MinSizeRel|x64
		{5C63DAF6-D7BF-4A8C-BD67-2DBE3B894E29}.MinSizeRel|x64.Build.0 = MinSizeRel|x64
		{5C63DAF6-D7BF-4A8C-BD67-2DBE3B894E29}.RelWithDebInfo|x64.ActiveCfg = RelWithDebInfo|x64
		{5C63DAF6-D7BF-4A8C-BD67-2DBE3B894E29}.RelWithDebInfo|x64.Build.0 = RelWithDebInfo|x64
		{61A8457D-EAA5-4A49-A782-C8AF921D59FC}.Debug|x64.ActiveCfg = Debug|x64
		{61A8457D-EAA5-4A49-A782-C8AF921D59FC}.Debug|x64.Build.0 = Debug|x64
		{61A8457D-EAA5-4A49-A782-C8AF921D59FC}.Release|x64.ActiveCfg = Release|x64
		{61A8457D-EAA5-4A49-A782-C8AF921D59FC}.Release|x64.Build.0 = Release|x64
		{61A8457D-EAA5-4A49-A782-C8AF921D59FC}.MinSizeRel|x64.ActiveCfg = MinSizeRel|x64
		{61A8457D-EAA5-4A49-A782-C8AF921D59FC}.MinSizeRel|x64.Build.0 = MinSizeRel|x64
		{61A8457D-EAA5-4A49-A782-C8AF921D59FC}.RelWithDebInfo|x64.ActiveCfg = RelWithDebInfo|x64
		{61A8457D-EAA5-4A49-A782-C8AF921D59FC}.RelWithDebInfo|x64.Build.0 = RelWithDebInfo|x64
		{45B601B5-FAEC-4456-85C1-7D6791E382CB}.Debug|x64.ActiveCfg = Debug|x64
		{45B601B5-FAEC-4456-85C1-7D6791E382CB}.Debug|x64.Build.0 = Debug|x64
		{45B601B5-FAEC-4456-85C1-7D6791E382CB}.Release|x64.ActiveCfg = Release|x64
		{45B601B5-FAEC-4456-85C1-7D6791E382CB}.Release|x64.Build.0 = Release|x64
		{45B601B5-FAEC-4456-85C1-7D6791E382CB}.MinSizeRel|x64.ActiveCfg = MinSizeRel|x64
		{45B601B5-FAEC-4456-85C1-7D6791E382CB}.MinSizeRel|x64.Build.0 = MinSizeRel|x64
		{45B601B5-FAEC-4456-85C1-7D6791E382CB}.RelWithDebInfo|x64.ActiveCfg = RelWithDebInfo|x64
		{45B601B5-FAEC-4456-85C1-7D6791E382CB}.RelWithDebInfo|x64.Build.0 = RelWithDebInfo|x64
		{7572A691-A30D-4B5A-ADBB-490C9FE48B46}.Debug|x64.ActiveCfg = Debug|x64
		{7572A691-A30D-4B5A-ADBB-490C9FE48B46}.Debug|x64.Build.0 = Debug|x64
		{7572A691-A30D-4B5A-ADBB-490C9FE48B46}.Release|x64.ActiveCfg = Release|x64
		{7572A691-A30D-4B5A-ADBB-490C9FE48B46}.Release|x64.Build.0 = Release|x64
		{7572A691-A30D-4B5A-ADBB-490C9FE48B46}.MinSizeRel|x64.ActiveCfg = MinSizeRel|x64
		{7572A691-A30D-4B5A-ADBB-490C9FE48B46}.MinSizeRel|x64.Build.0 = MinSizeRel|x64
		{7572A691-A30D-4B5A-ADBB-490C9FE48B46}.RelWithDebInfo|x64.ActiveCfg = RelWithDebInfo|x64
		{7572A691-A30D-4B5A-ADBB-490C9FE48B46}.RelWithDebInfo|x64.Build.0 = RelWithDebInfo|x64
		{DD896E0D-C401-4C97-8239-BBF1B8045A1A}.Debug|x64.ActiveCfg = Debug|x64
		{DD896E0D-C401-4C97-8239-BBF1B8045A1A}.Debug|x64.Build.0 = Debug|x64
		{DD896E0D-C401-4C97-8239-BBF1B8045A1A}.Release|x64.ActiveCfg = Release|x64
		{DD896E0D-C401-4C97-8239-BBF1B8045A1A}.Release|x64.Build.0 = Release|x64
		{DD896E0D-C401-4C97-8239-BBF1B8045A1A}.MinSizeRel|x64.ActiveCfg = MinSizeRel|x64
		{DD896E0D-C401-4C97-8239-BBF1B8045A1A}.MinSizeRel|x64.Build.0 = MinSizeRel|x64
		{DD896E0D-C401-4C97-8239-BBF1B8045A1A}.RelWithDebInfo|x64.ActiveCfg = RelWithDebInfo|x64
		{DD896E0D-C401-4C97-8239-BBF1B8045A1A}.RelWithDebInfo|x64.Build.0 = RelWithDebInfo|x64
		{99A0D3B5-DF27-4273-A478-D84F81220E1D}.Debug|x64.ActiveCfg = Debug|x64
		{99A0D3B5-DF27-4273-A478-D84F81220E1D}.Debug|x64.Build.0 = Debug|x64
		{99A0D3B5-DF27-4273-A478-D84F81220E1D}.Release|x64.ActiveCfg = Release|x64
		{99A0D3B5-DF27-4273-A478-D84F81220E1D}.Release|x64.Build.0 = Release|x64
		{99A0D3B5-DF27-4273-A478-D84F81220E1D}.MinSizeRel|x64.ActiveCfg = MinSizeRel|x64
		{99A0D3B5-DF27-4273-A478-D84F81220E1D}.MinSizeRel|x64.Build.0 = MinSizeRel|x64
		{99A0D3B5-DF27-4273-A478-D84F81220E1D}.RelWithDebInfo|x64.ActiveCfg = RelWithDebInfo|x64
		{99A0D3B5-DF27-4273-A478-D84F81220E1D}.RelWithDebInfo|x64.Build.0 = RelWithDebInfo|x64
		{2B2BC16F-CE16-4DE5-A7D4-71B49B9D0118}.Debug|x64.ActiveCfg = Debug|x64
		{2B2BC16F-CE16-4DE5-A7D4-71B49B9D0118}.Debug|x64.Build.0 = Debug|x64
		{2B2BC16F-CE16-4DE5-A7D4-71B49B9D0118}.Release|x64.ActiveCfg = Release|x64
		{2B2BC16F-CE16-4DE5-A7D4-71B49B9D0118}.Release|x64.Build.0 = Release|x64
		{2B2BC16F-CE16-4DE5-A7D4-71B49B9D0118}.MinSizeRel|x64.ActiveCfg = MinSizeRel|x64
		{2B2BC16F-CE16-4DE5-A7D4-71B49B9D0118}.MinSizeRel|x64.Build.0 = MinSizeRel|x64
		{2B2BC16F-CE16-4DE5-A7D4-71B49B9D0118}.RelWithDebInfo|x64.ActiveCfg = RelWithDebInfo|x64
		{2B2BC16F-CE16-4DE5-A7D4-71B49B9D0118}.RelWithDebInfo|x64.Build.0 = RelWithDebInfo|x64
		{0E24DF68-2FF1-4CFB-A242-1A41A23894A5}.Debug|x64.ActiveCfg = Debug|x64
		{0E24DF68-2FF1-4CFB-A242-1A41A23894A5}.Debug|x64.Build.0 = Debug|x64
		{0E24DF68-2FF1-4CFB-A242-1A41A23894A5}.Release|x64.ActiveCfg = Release|x64
		{0E24DF68-2FF1-4CFB-A242-1A41A23894A5}.Release|x64.Build.0 = Release|x64
		{0E24DF68-2FF1-4CFB-A242-1A41A23894A5}.MinSizeRel|x64.ActiveCfg = MinSizeRel|x64
		{0E24DF68-2FF1-4CFB-A242-1A41A23894A5}.MinSizeRel|x64.Build.0 = MinSizeRel|x64
		{0E24DF68-2FF1-4CFB-A242-1A41A23894A5}.RelWithDebInfo|x64.ActiveCfg = RelWithDebInfo|x64
		{0E24DF68-2FF1-4CFB-A242-1A41A23894A5}.RelWithDebInfo|x64.Build.0 = RelWithDebInfo|x64
		{1F49C1B1-B3DB-45F9-AA26-6C3888DBB0D3}.Debug|x64.ActiveCfg = Debug|x64
		{1F49C1B1-B3DB-45F9-AA26-6C3888DBB0D3}.Debug|x64.Build.0 = Debug|x64
		{1F49C1B1-B3DB-45F9-AA26-6C3888DBB0D3}.Release|x64.ActiveCfg = Release|x64
		{1F49C1B1-B3DB-45F9-AA26-6C3888DBB0D3}.Release|x64.Build.0 = Release|x64
		{1F49C1B1-B3DB-45F9-AA26-6C3888DBB0D3}.MinSizeRel|x64.ActiveCfg = MinSizeRel|x64
		{1F49C1B1-B3DB-45F9-AA26-6C3888DBB0D3}.MinSizeRel|x64.Build.0 = MinSizeRel|x64
		{1F49C1B1-B3DB-45F9-AA26-6C3888DBB0D3}.RelWithDebInfo|x64.ActiveCfg = RelWithDebInfo|x64
		{1F49C1B1-B3DB-45F9-AA26-6C3888DBB0D3}.RelWithDebInfo|x64.Build.0 = RelWithDebInfo|x64
		{5D68E3F8-059B-42CC-B71A-2C86D46576C7}.Debug|x64.ActiveCfg = Debug|x64
		{5D68E3F8-059B-42CC-B71A-2C86D46576C7}.Debug|x64.Build.0 = Debug|x64
		{5D68E3F8-059B-42CC-B71A-2C86D46576C7}.Release|x64.ActiveCfg = Release|x64
		{5D68E3F8-059B-42CC-B71A-2C86D46576C7}.Release|x64.Build.0 = Release|x64
		{5D68E3F8-059B-42CC-B71A-2C86D46576C7}.MinSizeRel|x64.ActiveCfg = MinSizeRel|x64
		{5D68E3F8-059B-42CC-B71A-2C86D46576C7}.MinSizeRel|x64.Build.0 = MinSizeRel|x64
		{5D68E3F8-059B-42CC-B71A-2C86D46576C7}.RelWithDebInfo|x64.ActiveCfg = RelWithDebInfo|x64
		{5D68E3F8-059B-42CC-B71A-2C86D46576C7}.RelWithDebInfo|x64.Build.0 = RelWithDebInfo|x64
		{0EC957F9-F9D0-4873-8452-B0E431E28018}.Debug|x64.ActiveCfg = Debug|x64
		{0EC957F9-F9D0-4873-8452-B0E431E28018}.Debug|x64.Build.0 = Debug|x64
		{0EC957F9-F9D0-4873-8452-B0E431E28018}.Release|x64.ActiveCfg = Release|x64
		{0EC957F9-F9D0-4873-8452-B0E431E28018}.Release|x64.Build.0 = Release|x64
		{0EC957F9-F9D0-4873-8452-B0E431E28018}.MinSizeRel|x64.ActiveCfg = MinSizeRel|x64
		{0EC957F9-F9D0-4873-8452-B0E431E28018}.MinSizeRel|x64.Build.0 = MinSizeRel|x64
		{0EC957F9-F9D0-4873-8452-B0E431E28018}.RelWithDebInfo|x64.ActiveCfg = RelWithDebInfo|x64
		{0EC957F9-F9D0-4873-8452-B0E431E28018}.RelWithDebInfo|x64.Build.0 = RelWithDebInfo|x64
		{8BCD88B2-1D2C-48DC-8C0E-5342A9526DF4}.Debug|x64.ActiveCfg = Debug|x64
		{8BCD88B2-1D2C-48DC-8C0E-5342A9526DF4}.Debug|x64.Build.0 = Debug|x64
		{8BCD88B2-1D2C-48DC-8C0E-5342A9526DF4}.Release|x64.ActiveCfg = Release|x64
		{8BCD88B2-1D2C-48DC-8C0E-5342A9526DF4}.Release|x64.Build.0 = Release|x64
		{8BCD88B2-1D2C-48DC-8C0E-5342A9526DF4}.MinSizeRel|x64.ActiveCfg = MinSizeRel|x64
		{8BCD88B2-1D2C-48DC-8C0E-5342A9526DF4}.MinSizeRel|x64.Build.0 = MinSizeRel|x64
		{8BCD88B2-1D2C-48DC-8C0E-5342A9526DF4}.RelWithDebInfo|x64.ActiveCfg = RelWithDebInfo|x64
		{8BCD88B2-1D2C-48DC-8C0E-5342A9526DF4}.RelWithDebInfo|x64.Build.0 = RelWithDebInfo|x64
		{0BED6649-FB93-4953-8A70-B81604851467}.Debug|x64.ActiveCfg = Debug|x64
		{0BED6649-FB93-4953-8A70-B81604851467}.Debug|x64.Build.0 = Debug|x64
		{0BED6649-FB93-4953-8A70-B81604851467}.Release|x64.ActiveCfg = Release|x64
		{0BED6649-FB93-4953-8A70-B81604851467}.Release|x64.Build.0 = Release|x64
		{0BED6649-FB93-4953-8A70-B81604851467}.MinSizeRel|x64.ActiveCfg = MinSizeRel|x64
		{0BED6649-FB93-4953-8A70-B81604851467}.MinSizeRel|x64.Build.0 = MinSizeRel|x64
		{0BED6649-FB93-4953-8A70-B81604851467}.RelWithDebInfo|x64.ActiveCfg = RelWithDebInfo|x64
		{0BED6649-FB93-4953-8A70-B81604851467}.RelWithDebInfo|x64.Build.0 = RelWithDebInfo|x64
	EndGlobalSection
	GlobalSection(ExtensibilityGlobals) = postSolution
	EndGlobalSection
	GlobalSection(ExtensibilityAddIns) = postSolution
	EndGlobalSection
EndGlobal
